{
    "_readme": [
        "This file locks the dependencies of your project to a known state",
        "Read more about it at https://getcomposer.org/doc/01-basic-usage.md#installing-dependencies",
        "This file is @generated automatically"
    ],
    "content-hash": "9d95a1273af527aeafbae160f2afe411",
    "packages": [
        {
            "name": "ignitekit/wp-option-builder",
            "version": "1.0.4",
            "source": {
                "type": "git",
                "url": "https://github.com/IgniteKit/wp-option-builder.git",
                "reference": "cb2ccd64df46f23db8f6cf23596ade160d151117"
            },
            "dist": {
                "type": "zip",
                "url": "https://api.github.com/repos/IgniteKit/wp-option-builder/zipball/cb2ccd64df46f23db8f6cf23596ade160d151117",
                "reference": "cb2ccd64df46f23db8f6cf23596ade160d151117",
                "shasum": ""
            },
            "require": {
                "php": ">=5.3"
            },
            "type": "library",
            "autoload": {
                "psr-4": {
                    "IgniteKit\\WP\\OptionBuilder\\": "src"
                }
            },
            "notification-url": "https://packagist.org/downloads/",
            "license": [
                "GPL-2.0-or-later"
            ],
            "authors": [
                {
                    "name": "Darko Gjorgjijoski",
                    "email": "dg@darkog.com"
                }
            ],
            "description": "Easy to use Options and Metabox framework for WordPress",
            "support": {
                "issues": "https://github.com/IgniteKit/wp-option-builder/issues",
                "source": "https://github.com/IgniteKit/wp-option-builder/tree/1.0.4"
            },
            "time": "2022-03-27T07:47:34+00:00"
        }
    ],
    "packages-dev": [],
    "aliases": [],
    "minimum-stability": "stable",
    "stability-flags": [],
    "prefer-stable": false,
    "prefer-lowest": false,
    "platform": [],
    "platform-dev": [],
    "plugin-api-version": "2.3.0"
}
